// !$*UTF8*$!
{
	archiveVersion = 1;
	classes = {
	};
	objectVersion = 46;
	objects = {

/* Begin PBXBuildFile section */
		BD991253183E23DB00572001 /* Foundation.framework in Frameworks */ = {isa = PBXBuildFile; fileRef = BD991252183E23DB00572001 /* Foundation.framework */; };
		BD991255183E23DB00572001 /* CoreGraphics.framework in Frameworks */ = {isa = PBXBuildFile; fileRef = BD991254183E23DB00572001 /* CoreGraphics.framework */; };
		BD991257183E23DB00572001 /* UIKit.framework in Frameworks */ = {isa = PBXBuildFile; fileRef = BD991256183E23DB00572001 /* UIKit.framework */; };
		BD99125D183E23DB00572001 /* InfoPlist.strings in Resources */ = {isa = PBXBuildFile; fileRef = BD99125B183E23DB00572001 /* InfoPlist.strings */; };
		BD99125F183E23DB00572001 /* main.m in Sources */ = {isa = PBXBuildFile; fileRef = BD99125E183E23DB00572001 /* main.m */; };
		BD991263183E23DB00572001 /* AppDelegate.m in Sources */ = {isa = PBXBuildFile; fileRef = BD991262183E23DB00572001 /* AppDelegate.m */; };
		BD991275183E23DB00572001 /* XCTest.framework in Frameworks */ = {isa = PBXBuildFile; fileRef = BD991274183E23DB00572001 /* XCTest.framework */; };
		BD991276183E23DB00572001 /* Foundation.framework in Frameworks */ = {isa = PBXBuildFile; fileRef = BD991252183E23DB00572001 /* Foundation.framework */; };
		BD991277183E23DB00572001 /* UIKit.framework in Frameworks */ = {isa = PBXBuildFile; fileRef = BD991256183E23DB00572001 /* UIKit.framework */; };
		BD991292183E29EA00572001 /* MasterViewController.m in Sources */ = {isa = PBXBuildFile; fileRef = BD991290183E29EA00572001 /* MasterViewController.m */; };
		BD991293183E29EA00572001 /* MasterViewController.xib in Resources */ = {isa = PBXBuildFile; fileRef = BD991291183E29EA00572001 /* MasterViewController.xib */; };
		BDEB4D3B1845D0180099F8BC /* Localizable.strings in Resources */ = {isa = PBXBuildFile; fileRef = BDEB4D3D1845D0180099F8BC /* Localizable.strings */; };
/* End PBXBuildFile section */

/* Begin PBXContainerItemProxy section */
		BD991278183E23DB00572001 /* PBXContainerItemProxy */ = {
			isa = PBXContainerItemProxy;
			containerPortal = BD991247183E23DA00572001 /* Project object */;
			proxyType = 1;
			remoteGlobalIDString = BD99124E183E23DA00572001;
			remoteInfo = GetStarted;
		};
/* End PBXContainerItemProxy section */

/* Begin PBXFileReference section */
		BD99124F183E23DB00572001 /* GetStarted.app */ = {isa = PBXFileReference; explicitFileType = wrapper.application; includeInIndex = 0; path = GetStarted.app; sourceTree = BUILT_PRODUCTS_DIR; };
		BD991252183E23DB00572001 /* Foundation.framework */ = {isa = PBXFileReference; lastKnownFileType = wrapper.framework; name = Foundation.framework; path = System/Library/Frameworks/Foundation.framework; sourceTree = SDKROOT; };
		BD991254183E23DB00572001 /* CoreGraphics.framework */ = {isa = PBXFileReference; lastKnownFileType = wrapper.framework; name = CoreGraphics.framework; path = System/Library/Frameworks/CoreGraphics.framework; sourceTree = SDKROOT; };
		BD991256183E23DB00572001 /* UIKit.framework */ = {isa = PBXFileReference; lastKnownFileType = wrapper.framework; name = UIKit.framework; path = System/Library/Frameworks/UIKit.framework; sourceTree = SDKROOT; };
		BD99125A183E23DB00572001 /* GetStarted-Info.plist */ = {isa = PBXFileReference; lastKnownFileType = text.plist.xml; path = "GetStarted-Info.plist"; sourceTree = "<group>"; };
		BD99125C183E23DB00572001 /* en */ = {isa = PBXFileReference; lastKnownFileType = text.plist.strings; name = en; path = en.lproj/InfoPlist.strings; sourceTree = "<group>"; };
		BD99125E183E23DB00572001 /* main.m */ = {isa = PBXFileReference; lastKnownFileType = sourcecode.c.objc; path = main.m; sourceTree = "<group>"; };
		BD991260183E23DB00572001 /* GetStarted-Prefix.pch */ = {isa = PBXFileReference; lastKnownFileType = sourcecode.c.h; path = "GetStarted-Prefix.pch"; sourceTree = "<group>"; };
		BD991261183E23DB00572001 /* AppDelegate.h */ = {isa = PBXFileReference; lastKnownFileType = sourcecode.c.h; path = AppDelegate.h; sourceTree = "<group>"; };
		BD991262183E23DB00572001 /* AppDelegate.m */ = {isa = PBXFileReference; lastKnownFileType = sourcecode.c.objc; path = AppDelegate.m; sourceTree = "<group>"; };
		BD991273183E23DB00572001 /* GetStartedTests.xctest */ = {isa = PBXFileReference; explicitFileType = wrapper.cfbundle; includeInIndex = 0; path = GetStartedTests.xctest; sourceTree = BUILT_PRODUCTS_DIR; };
		BD991274183E23DB00572001 /* XCTest.framework */ = {isa = PBXFileReference; lastKnownFileType = wrapper.framework; name = XCTest.framework; path = Library/Frameworks/XCTest.framework; sourceTree = DEVELOPER_DIR; };
		BD99128F183E29E900572001 /* MasterViewController.h */ = {isa = PBXFileReference; fileEncoding = 4; lastKnownFileType = sourcecode.c.h; path = MasterViewController.h; sourceTree = "<group>"; };
		BD991290183E29EA00572001 /* MasterViewController.m */ = {isa = PBXFileReference; fileEncoding = 4; lastKnownFileType = sourcecode.c.objc; path = MasterViewController.m; sourceTree = "<group>"; };
		BD991291183E29EA00572001 /* MasterViewController.xib */ = {isa = PBXFileReference; fileEncoding = 4; lastKnownFileType = file.xib; path = MasterViewController.xib; sourceTree = "<group>"; };
		BDEB4D381845CFB50099F8BC /* es */ = {isa = PBXFileReference; lastKnownFileType = text.plist.strings; name = es; path = es.lproj/InfoPlist.strings; sourceTree = "<group>"; };
		BDEB4D3C1845D0180099F8BC /* en */ = {isa = PBXFileReference; lastKnownFileType = file; name = en; path = en.lproj/Localizable.strings; sourceTree = "<group>"; };
		BDEB4D3E1845D01F0099F8BC /* es */ = {isa = PBXFileReference; lastKnownFileType = file; name = es; path = es.lproj/Localizable.strings; sourceTree = "<group>"; };
/* End PBXFileReference section */

/* Begin PBXFrameworksBuildPhase section */
		BD99124C183E23DA00572001 /* Frameworks */ = {
			isa = PBXFrameworksBuildPhase;
			buildActionMask = 2147483647;
			files = (
				BD991255183E23DB00572001 /* CoreGraphics.framework in Frameworks */,
				BD991257183E23DB00572001 /* UIKit.framework in Frameworks */,
				BD991253183E23DB00572001 /* Foundation.framework in Frameworks */,
			);
			runOnlyForDeploymentPostprocessing = 0;
		};
		BD991270183E23DB00572001 /* Frameworks */ = {
			isa = PBXFrameworksBuildPhase;
			buildActionMask = 2147483647;
			files = (
				BD991275183E23DB00572001 /* XCTest.framework in Frameworks */,
				BD991277183E23DB00572001 /* UIKit.framework in Frameworks */,
				BD991276183E23DB00572001 /* Foundation.framework in Frameworks */,
			);
			runOnlyForDeploymentPostprocessing = 0;
		};
/* End PBXFrameworksBuildPhase section */

/* Begin PBXGroup section */
		BD991246183E23DA00572001 = {
			isa = PBXGroup;
			children = (
				BD99128F183E29E900572001 /* MasterViewController.h */,
				BD991290183E29EA00572001 /* MasterViewController.m */,
				BD991291183E29EA00572001 /* MasterViewController.xib */,
				BD991258183E23DB00572001 /* GetStarted */,
				BD991251183E23DB00572001 /* Frameworks */,
				BD991250183E23DB00572001 /* Products */,
			);
			sourceTree = "<group>";
		};
		BD991250183E23DB00572001 /* Products */ = {
			isa = PBXGroup;
			children = (
				BD99124F183E23DB00572001 /* GetStarted.app */,
				BD991273183E23DB00572001 /* GetStartedTests.xctest */,
			);
			name = Products;
			sourceTree = "<group>";
		};
		BD991251183E23DB00572001 /* Frameworks */ = {
			isa = PBXGroup;
			children = (
				BD991252183E23DB00572001 /* Foundation.framework */,
				BD991254183E23DB00572001 /* CoreGraphics.framework */,
				BD991256183E23DB00572001 /* UIKit.framework */,
				BD991274183E23DB00572001 /* XCTest.framework */,
			);
			name = Frameworks;
			sourceTree = "<group>";
		};
		BD991258183E23DB00572001 /* GetStarted */ = {
			isa = PBXGroup;
			children = (
				BD991261183E23DB00572001 /* AppDelegate.h */,
				BD991262183E23DB00572001 /* AppDelegate.m */,
				BD991259183E23DB00572001 /* Supporting Files */,
			);
			path = GetStarted;
			sourceTree = "<group>";
		};
		BD991259183E23DB00572001 /* Supporting Files */ = {
			isa = PBXGroup;
			children = (
				BD99125A183E23DB00572001 /* GetStarted-Info.plist */,
				BD99125B183E23DB00572001 /* InfoPlist.strings */,
				BD99125E183E23DB00572001 /* main.m */,
				BD991260183E23DB00572001 /* GetStarted-Prefix.pch */,
				BDEB4D3D1845D0180099F8BC /* Localizable.strings */,
			);
			name = "Supporting Files";
			sourceTree = "<group>";
		};
/* End PBXGroup section */

/* Begin PBXNativeTarget section */
		BD99124E183E23DA00572001 /* GetStarted */ = {
			isa = PBXNativeTarget;
			buildConfigurationList = BD991284183E23DB00572001 /* Build configuration list for PBXNativeTarget "GetStarted" */;
			buildPhases = (
				BD99124B183E23DA00572001 /* Sources */,
				BD99124C183E23DA00572001 /* Frameworks */,
				BD99124D183E23DA00572001 /* Resources */,
			);
			buildRules = (
			);
			dependencies = (
			);
			name = GetStarted;
			productName = GetStarted;
			productReference = BD99124F183E23DB00572001 /* GetStarted.app */;
			productType = "com.apple.product-type.application";
		};
		BD991272183E23DB00572001 /* GetStartedTests */ = {
			isa = PBXNativeTarget;
			buildConfigurationList = BD991287183E23DB00572001 /* Build configuration list for PBXNativeTarget "GetStartedTests" */;
			buildPhases = (
				BD99126F183E23DB00572001 /* Sources */,
				BD991270183E23DB00572001 /* Frameworks */,
				BD991271183E23DB00572001 /* Resources */,
			);
			buildRules = (
			);
			dependencies = (
				BD991279183E23DB00572001 /* PBXTargetDependency */,
			);
			name = GetStartedTests;
			productName = GetStartedTests;
			productReference = BD991273183E23DB00572001 /* GetStartedTests.xctest */;
			productType = "com.apple.product-type.bundle.unit-test";
		};
/* End PBXNativeTarget section */

/* Begin PBXProject section */
		BD991247183E23DA00572001 /* Project object */ = {
			isa = PBXProject;
			attributes = {
				LastUpgradeCheck = 0500;
				ORGANIZATIONNAME = Ayon;
				TargetAttributes = {
					BD991272183E23DB00572001 = {
						TestTargetID = BD99124E183E23DA00572001;
					};
				};
			};
			buildConfigurationList = BD99124A183E23DA00572001 /* Build configuration list for PBXProject "GetStarted" */;
			compatibilityVersion = "Xcode 3.2";
			developmentRegion = English;
			hasScannedForEncodings = 0;
			knownRegions = (
				en,
				Base,
				es,
			);
			mainGroup = BD991246183E23DA00572001;
			productRefGroup = BD991250183E23DB00572001 /* Products */;
			projectDirPath = "";
			projectRoot = "";
			targets = (
				BD99124E183E23DA00572001 /* GetStarted */,
				BD991272183E23DB00572001 /* GetStartedTests */,
			);
		};
/* End PBXProject section */

/* Begin PBXResourcesBuildPhase section */
		BD99124D183E23DA00572001 /* Resources */ = {
			isa = PBXResourcesBuildPhase;
			buildActionMask = 2147483647;
			files = (
				BD991293183E29EA00572001 /* MasterViewController.xib in Resources */,
				BDEB4D3B1845D0180099F8BC /* Localizable.strings in Resources */,
				BD99125D183E23DB00572001 /* InfoPlist.strings in Resources */,
			);
			runOnlyForDeploymentPostprocessing = 0;
		};
		BD991271183E23DB00572001 /* Resources */ = {
			isa = PBXResourcesBuildPhase;
			buildActionMask = 2147483647;
			files = (
			);
			runOnlyForDeploymentPostprocessing = 0;
		};
/* End PBXResourcesBuildPhase section */

/* Begin PBXSourcesBuildPhase section */
		BD99124B183E23DA00572001 /* Sources */ = {
			isa = PBXSourcesBuildPhase;
			buildActionMask = 2147483647;
			files = (
				BD991263183E23DB00572001 /* AppDelegate.m in Sources */,
				BD991292183E29EA00572001 /* MasterViewController.m in Sources */,
				BD99125F183E23DB00572001 /* main.m in Sources */,
			);
			runOnlyForDeploymentPostprocessing = 0;
		};
		BD99126F183E23DB00572001 /* Sources */ = {
			isa = PBXSourcesBuildPhase;
			buildActionMask = 2147483647;
			files = (
			);
			runOnlyForDeploymentPostprocessing = 0;
		};
/* End PBXSourcesBuildPhase section */

/* Begin PBXTargetDependency section */
		BD991279183E23DB00572001 /* PBXTargetDependency */ = {
			isa = PBXTargetDependency;
			target = BD99124E183E23DA00572001 /* GetStarted */;
			targetProxy = BD991278183E23DB00572001 /* PBXContainerItemProxy */;
		};
/* End PBXTargetDependency section */

/* Begin PBXVariantGroup section */
		BD99125B183E23DB00572001 /* InfoPlist.strings */ = {
			isa = PBXVariantGroup;
			children = (
				BD99125C183E23DB00572001 /* en */,
				BDEB4D381845CFB50099F8BC /* es */,
			);
			name = InfoPlist.strings;
			sourceTree = "<group>";
		};
		BDEB4D3D1845D0180099F8BC /* Localizable.strings */ = {
			isa = PBXVariantGroup;
			children = (
				BDEB4D3C1845D0180099F8BC /* en */,
				BDEB4D3E1845D01F0099F8BC /* es */,
			);
			name = Localizable.strings;
			sourceTree = "<group>";
		};
/* End PBXVariantGroup section */

/* Begin XCBuildConfiguration section */
		BD991282183E23DB00572001 /* Debug */ = {
			isa = XCBuildConfiguration;
			buildSettings = {
				ALWAYS_SEARCH_USER_PATHS = NO;
				ARCHS = "$(ARCHS_STANDARD_INCLUDING_64_BIT)";
				CLANG_CXX_LANGUAGE_STANDARD = "gnu++0x";
				CLANG_CXX_LIBRARY = "libc++";
				CLANG_ENABLE_MODULES = YES;
				CLANG_ENABLE_OBJC_ARC = YES;
				CLANG_WARN_BOOL_CONVERSION = YES;
				CLANG_WARN_CONSTANT_CONVERSION = YES;
				CLANG_WARN_DIRECT_OBJC_ISA_USAGE = YES_ERROR;
				CLANG_WARN_EMPTY_BODY = YES;
				CLANG_WARN_ENUM_CONVERSION = YES;
				CLANG_WARN_INT_CONVERSION = YES;
				CLANG_WARN_OBJC_ROOT_CLASS = YES_ERROR;
				CLANG_WARN__DUPLICATE_METHOD_MATCH = YES;
				"CODE_SIGN_IDENTITY[sdk=iphoneos*]" = "iPhone Developer";
				COPY_PHASE_STRIP = NO;
				GCC_C_LANGUAGE_STANDARD = gnu99;
				GCC_DYNAMIC_NO_PIC = NO;
				GCC_OPTIMIZATION_LEVEL = 0;
				GCC_PREPROCESSOR_DEFINITIONS = (
					"DEBUG=1",
					"$(inherited)",
				);
				GCC_SYMBOLS_PRIVATE_EXTERN = NO;
				GCC_WARN_64_TO_32_BIT_CONVERSION = YES;
				GCC_WARN_ABOUT_RETURN_TYPE = YES_ERROR;
				GCC_WARN_UNDECLARED_SELECTOR = YES;
				GCC_WARN_UNINITIALIZED_AUTOS = YES;
				GCC_WARN_UNUSED_FUNCTION = YES;
				GCC_WARN_UNUSED_VARIABLE = YES;
				IPHONEOS_DEPLOYMENT_TARGET = 7.0;
				ONLY_ACTIVE_ARCH = YES;
				SDKROOT = iphoneos;
			};
			name = Debug;
		};
		BD991283183E23DB00572001 /* Release */ = {
			isa = XCBuildConfiguration;
			buildSettings = {
				ALWAYS_SEARCH_USER_PATHS = NO;
				ARCHS = "$(ARCHS_STANDARD_INCLUDING_64_BIT)";
				CLANG_CXX_LANGUAGE_STANDARD = "gnu++0x";
				CLANG_CXX_LIBRARY = "libc++";
				CLANG_ENABLE_MODULES = YES;
				CLANG_ENABLE_OBJC_ARC = YES;
				CLANG_WARN_BOOL_CONVERSION = YES;
				CLANG_WARN_CONSTANT_CONVERSION = YES;
				CLANG_WARN_DIRECT_OBJC_ISA_USAGE = YES_ERROR;
				CLANG_WARN_EMPTY_BODY = YES;
				CLANG_WARN_ENUM_CONVERSION = YES;
				CLANG_WARN_INT_CONVERSION = YES;
				CLANG_WARN_OBJC_ROOT_CLASS = YES_ERROR;
				CLANG_WARN__DUPLICATE_METHOD_MATCH = YES;
				"CODE_SIGN_IDENTITY[sdk=iphoneos*]" = "iPhone Developer";
				COPY_PHASE_STRIP = YES;
				ENABLE_NS_ASSERTIONS = NO;
				GCC_C_LANGUAGE_STANDARD = gnu99;
				GCC_WARN_64_TO_32_BIT_CONVERSION = YES;
				GCC_WARN_ABOUT_RETURN_TYPE = YES_ERROR;
				GCC_WARN_UNDECLARED_SELECTOR = YES;
				GCC_WARN_UNINITIALIZED_AUTOS = YES;
				GCC_WARN_UNUSED_FUNCTION = YES;
				GCC_WARN_UNUSED_VARIABLE = YES;
				IPHONEOS_DEPLOYMENT_TARGET = 7.0;
				SDKROOT = iphoneos;
				VALIDATE_PRODUCT = YES;
			};
			name = Release;
		};
		BD991285183E23DB00572001 /* Debug */ = {
			isa = XCBuildConfiguration;
			buildSettings = {
				ARCHS = "$(ARCHS_STANDARD)";
				ASSETCATALOG_COMPILER_APPICON_NAME = AppIcon;
				ASSETCATALOG_COMPILER_LAUNCHIMAGE_NAME = LaunchImage;
				GCC_PRECOMPILE_PREFIX_HEADER = YES;
				GCC_PREFIX_HEADER = "GetStarted/GetStarted-Prefix.pch";
				INFOPLIST_FILE = "GetStarted/GetStarted-Info.plist";
				IPHONEOS_DEPLOYMENT_TARGET = 6.0;
				PRODUCT_NAME = "$(TARGET_NAME)";
				WRAPPER_EXTENSION = app;
			};
			name = Debug;
		};
		BD991286183E23DB00572001 /* Release */ = {
			isa = XCBuildConfiguration;
			buildSettings = {
				ARCHS = "$(ARCHS_STANDARD)";
				ASSETCATALOG_COMPILER_APPICON_NAME = AppIcon;
				ASSETCATALOG_COMPILER_LAUNCHIMAGE_NAME = LaunchImage;
				GCC_PRECOMPILE_PREFIX_HEADER = YES;
				GCC_PREFIX_HEADER = "GetStarted/GetStarted-Prefix.pch";
				INFOPLIST_FILE = "GetStarted/GetStarted-Info.plist";
				IPHONEOS_DEPLOYMENT_TARGET = 6.0;
				PRODUCT_NAME = "$(TARGET_NAME)";
				WRAPPER_EXTENSION = app;
			};
			name = Release;
		};
		BD991288183E23DB00572001 /* Debug */ = {
			isa = XCBuildConfiguration;
			buildSettings = {
				ARCHS = "$(ARCHS_STANDARD_INCLUDING_64_BIT)";
				BUNDLE_LOADER = "$(BUILT_PRODUCTS_DIR)/GetStarted.app/GetStarted";
				FRAMEWORK_SEARCH_PATHS = (
					"$(SDKROOT)/Developer/Library/Frameworks",
					"$(inherited)",
					"$(DEVELOPER_FRAMEWORKS_DIR)",
				);
				GCC_PRECOMPILE_PREFIX_HEADER = YES;
				GCC_PREFIX_HEADER = "GetStarted/GetStarted-Prefix.pch";
				GCC_PREPROCESSOR_DEFINITIONS = (
					"DEBUG=1",
					"$(inherited)",
				);
				INFOPLIST_FILE = "GetStartedTests/GetStartedTests-Info.plist";
				PRODUCT_NAME = "$(TARGET_NAME)";
				TEST_HOST = "$(BUNDLE_LOADER)";
				WRAPPER_EXTENSION = xctest;
			};
			name = Debug;
		};
		BD991289183E23DB00572001 /* Release */ = {
			isa = XCBuildConfiguration;
			buildSettings = {
				ARCHS = "$(ARCHS_STANDARD_INCLUDING_64_BIT)";
				BUNDLE_LOADER = "$(BUILT_PRODUCTS_DIR)/GetStarted.app/GetStarted";
				FRAMEWORK_SEARCH_PATHS = (
					"$(SDKROOT)/Developer/Library/Frameworks",
					"$(inherited)",
					"$(DEVELOPER_FRAMEWORKS_DIR)",
				);
				GCC_PRECOMPILE_PREFIX_HEADER = YES;
				GCC_PREFIX_HEADER = "GetStarted/GetStarted-Prefix.pch";
				INFOPLIST_FILE = "GetStartedTests/GetStartedTests-Info.plist";
				PRODUCT_NAME = "$(TARGET_NAME)";
				TEST_HOST = "$(BUNDLE_LOADER)";
				WRAPPER_EXTENSION = xctest;
			};
			name = Release;
		};
/* End XCBuildConfiguration section */

/* Begin XCConfigurationList section */
		BD99124A183E23DA00572001 /* Build configuration list for PBXProject "GetStarted" */ = {
			isa = XCConfigurationList;
			buildConfigurations = (
				BD991282183E23DB00572001 /* Debug */,
				BD991283183E23DB00572001 /* Release */,
			);
			defaultConfigurationIsVisible = 0;
			defaultConfigurationName = Release;
		};
		BD991284183E23DB00572001 /* Build configuration list for PBXNativeTarget "GetStarted" */ = {
			isa = XCConfigurationList;
			buildConfigurations = (
				BD991285183E23DB00572001 /* Debug */,
				BD991286183E23DB00572001 /* Release */,
			);
			defaultConfigurationIsVisible = 0;
			defaultConfigurationName = Release;
		};
		BD991287183E23DB00572001 /* Build configuration list for PBXNativeTarget "GetStartedTests" */ = {
			isa = XCConfigurationList;
			buildConfigurations = (
				BD991288183E23DB00572001 /* Debug */,
				BD991289183E23DB00572001 /* Release */,
			);
			defaultConfigurationIsVisible = 0;
			defaultConfigurationName = Release;
		};
/* End XCConfigurationList section */
	};
	rootObject = BD991247183E23DA00572001 /* Project object */;
}
